
Microsoft Visual Studio Solution File, Format Version 12.00
# Visual Studio Version 17
VisualStudioVersion = 17.9.34616.47
MinimumVisualStudioVersion = 10.0.40219.1
Project("{FAE04EC0-301F-11D3-BF4B-00C04F79EFBC}") = "flight_management_system", "flight_management_system.csproj", "{430E7640-5056-4594-8194-2930F34408B2}"
EndProject
Global
	GlobalSection(SolutionConfigurationPlatforms) = preSolution
		Debug|Any CPU = Debug|Any CPU
		Release|Any CPU = Release|Any CPU
	EndGlobalSection
	GlobalSection(ProjectConfigurationPlatforms) = postSolution
		{430E7640-5056-4594-8194-2930F34408B2}.Debug|Any CPU.ActiveCfg = Debug|Any CPU
		{430E7640-5056-4594-8194-2930F34408B2}.Debug|Any CPU.Build.0 = Debug|Any CPU
		{430E7640-5056-4594-8194-2930F34408B2}.Release|Any CPU.ActiveCfg = Release|Any CPU
		{430E7640-5056-4594-8194-2930F34408B2}.Release|Any CPU.Build.0 = Release|Any CPU
	EndGlobalSection
	GlobalSection(SolutionProperties) = preSolution
		HideSolutionNode = FALSE
	EndGlobalSection
	GlobalSection(ExtensibilityGlobals) = postSolution
		SolutionGuid = {C7AB219B-803E-4935-AA8C-EB394D2FD62D}
	EndGlobalSection
EndGlobal
